
Microsoft Visual Studio Solution File, Format Version 12.00
# Visual Studio Version 16
VisualStudioVersion = 16.0.30907.101
MinimumVisualStudioVersion = 10.0.40219.1
Project("{FAE04EC0-301F-11D3-BF4B-00C04F79EFBC}") = "WebHR", "WebHR\WebHR.csproj", "{0CC92541-14A8-44C5-B3AE-8CEF3BEDC9DE}"
EndProject
Global
	GlobalSection(SolutionConfigurationPlatforms) = preSolution
		Debug|Any CPU = Debug|Any CPU
		Release|Any CPU = Release|Any CPU
	EndGlobalSection
	GlobalSection(ProjectConfigurationPlatforms) = postSolution
		{0CC92541-14A8-44C5-B3AE-8CEF3BEDC9DE}.Debug|Any CPU.ActiveCfg = Debug|Any CPU
		{0CC92541-14A8-44C5-B3AE-8CEF3BEDC9DE}.Debug|Any CPU.Build.0 = Debug|Any CPU
		{0CC92541-14A8-44C5-B3AE-8CEF3BEDC9DE}.Release|Any CPU.ActiveCfg = Release|Any CPU
		{0CC92541-14A8-44C5-B3AE-8CEF3BEDC9DE}.Release|Any CPU.Build.0 = Release|Any CPU
	EndGlobalSection
	GlobalSection(SolutionProperties) = preSolution
		HideSolutionNode = FALSE
	EndGlobalSection
	GlobalSection(ExtensibilityGlobals) = postSolution
		SolutionGuid = {A7E56915-5412-4BDD-90EC-BBFA4BAFE8D2}
	EndGlobalSection
EndGlobal
